
Microsoft Visual Studio Solution File, Format Version 12.00
# Visual Studio Version 17
VisualStudioVersion = 17.2.32630.192
MinimumVisualStudioVersion = 10.0.40219.1
Project("{FAE04EC0-301F-11D3-BF4B-00C04F79EFBC}") = "AzureServicesWeb", "AzureServicesWeb\AzureServicesWeb.csproj", "{C8FFC3E4-F092-48E9-AB98-16F176AB4492}"
EndProject
Global
	GlobalSection(SolutionConfigurationPlatforms) = preSolution
		Debug|Any CPU = Debug|Any CPU
		Release|Any CPU = Release|Any CPU
	EndGlobalSection
	GlobalSection(ProjectConfigurationPlatforms) = postSolution
		{C8FFC3E4-F092-48E9-AB98-16F176AB4492}.Debug|Any CPU.ActiveCfg = Debug|Any CPU
		{C8FFC3E4-F092-48E9-AB98-16F176AB4492}.Debug|Any CPU.Build.0 = Debug|Any CPU
		{C8FFC3E4-F092-48E9-AB98-16F176AB4492}.Release|Any CPU.ActiveCfg = Release|Any CPU
		{C8FFC3E4-F092-48E9-AB98-16F176AB4492}.Release|Any CPU.Build.0 = Release|Any CPU
	EndGlobalSection
	GlobalSection(SolutionProperties) = preSolution
		HideSolutionNode = FALSE
	EndGlobalSection
	GlobalSection(ExtensibilityGlobals) = postSolution
		SolutionGuid = {F1E65A0B-71F4-4D88-9269-42EC11798ECE}
	EndGlobalSection
EndGlobal
